
Microsoft Visual Studio Solution File, Format Version 12.00
# Visual Studio Version 16
VisualStudioVersion = 16.0.29424.173
MinimumVisualStudioVersion = 10.0.40219.1
Project("{FAE04EC0-301F-11D3-BF4B-00C04F79EFBC}") = "SEP3_TIER2_API", "SEP3_TIER2_API.csproj", "{ACA719EA-F71A-4F49-A9DF-9D6AA8ED03C7}"
EndProject
Global
	GlobalSection(SolutionConfigurationPlatforms) = preSolution
		Debug|Any CPU = Debug|Any CPU
		Release|Any CPU = Release|Any CPU
	EndGlobalSection
	GlobalSection(ProjectConfigurationPlatforms) = postSolution
		{ACA719EA-F71A-4F49-A9DF-9D6AA8ED03C7}.Debug|Any CPU.ActiveCfg = Debug|Any CPU
		{ACA719EA-F71A-4F49-A9DF-9D6AA8ED03C7}.Debug|Any CPU.Build.0 = Debug|Any CPU
		{ACA719EA-F71A-4F49-A9DF-9D6AA8ED03C7}.Release|Any CPU.ActiveCfg = Release|Any CPU
		{ACA719EA-F71A-4F49-A9DF-9D6AA8ED03C7}.Release|Any CPU.Build.0 = Release|Any CPU
	EndGlobalSection
	GlobalSection(SolutionProperties) = preSolution
		HideSolutionNode = FALSE
	EndGlobalSection
	GlobalSection(ExtensibilityGlobals) = postSolution
		SolutionGuid = {1AE7F41E-D90E-40F0-9019-EFAA1392E2C2}
	EndGlobalSection
EndGlobal
